
Microsoft Visual Studio Solution File, Format Version 12.00
# Visual Studio Version 16
VisualStudioVersion = 16.0.33801.447
MinimumVisualStudioVersion = 10.0.40219.1
Project("{FAE04EC0-301F-11D3-BF4B-00C04F79EFBC}") = "TeminProject", "TeminProject.csproj", "{6101FB41-8216-4A48-A230-79CB6F99992B}"
EndProject
Project("{54435603-DBB4-11D2-8724-00A0C9A8B90C}") = "TeminProjectSetup", "TeminProjectSetup\TeminProjectSetup.vdproj", "{B5EC2F5F-AA0C-4A40-B82B-E8937884375A}"
EndProject
Global
	GlobalSection(SolutionConfigurationPlatforms) = preSolution
		Debug|Any CPU = Debug|Any CPU
		Release|Any CPU = Release|Any CPU
	EndGlobalSection
	GlobalSection(ProjectConfigurationPlatforms) = postSolution
		{6101FB41-8216-4A48-A230-79CB6F99992B}.Debug|Any CPU.ActiveCfg = Debug|Any CPU
		{6101FB41-8216-4A48-A230-79CB6F99992B}.Debug|Any CPU.Build.0 = Debug|Any CPU
		{6101FB41-8216-4A48-A230-79CB6F99992B}.Release|Any CPU.ActiveCfg = Release|Any CPU
		{6101FB41-8216-4A48-A230-79CB6F99992B}.Release|Any CPU.Build.0 = Release|Any CPU
		{B5EC2F5F-AA0C-4A40-B82B-E8937884375A}.Debug|Any CPU.ActiveCfg = Debug
		{B5EC2F5F-AA0C-4A40-B82B-E8937884375A}.Release|Any CPU.ActiveCfg = Release
	EndGlobalSection
	GlobalSection(SolutionProperties) = preSolution
		HideSolutionNode = FALSE
	EndGlobalSection
	GlobalSection(ExtensibilityGlobals) = postSolution
		SolutionGuid = {7D84F120-5C75-4AEA-BA13-F04DF1388C74}
	EndGlobalSection
EndGlobal
